
Microsoft Visual Studio Solution File, Format Version 12.00
# Visual Studio Version 17
VisualStudioVersion = 17.4.33213.308
MinimumVisualStudioVersion = 10.0.40219.1
Project("{9A19103F-16F7-4668-BE54-9A1E7A4F7556}") = "Wallet", "Wallet\Wallet.csproj", "{4262C935-F9E9-4EE1-91EF-D7A9501B0DEC}"
EndProject
Global
	GlobalSection(SolutionConfigurationPlatforms) = preSolution
		Debug|Any CPU = Debug|Any CPU
		Release|Any CPU = Release|Any CPU
	EndGlobalSection
	GlobalSection(ProjectConfigurationPlatforms) = postSolution
		{4262C935-F9E9-4EE1-91EF-D7A9501B0DEC}.Debug|Any CPU.ActiveCfg = Debug|Any CPU
		{4262C935-F9E9-4EE1-91EF-D7A9501B0DEC}.Debug|Any CPU.Build.0 = Debug|Any CPU
		{4262C935-F9E9-4EE1-91EF-D7A9501B0DEC}.Release|Any CPU.ActiveCfg = Release|Any CPU
		{4262C935-F9E9-4EE1-91EF-D7A9501B0DEC}.Release|Any CPU.Build.0 = Release|Any CPU
	EndGlobalSection
	GlobalSection(SolutionProperties) = preSolution
		HideSolutionNode = FALSE
	EndGlobalSection
	GlobalSection(ExtensibilityGlobals) = postSolution
		SolutionGuid = {0FFBC9A2-D038-4905-8877-F1599A447495}
	EndGlobalSection
EndGlobal
